
Microsoft Visual Studio Solution File, Format Version 9.00
# Visual Studio 2005
Project("{2150E333-8FDC-42A3-9474-1A3956D46DE8}") = "Kernel", "Kernel", "{16002BC6-987E-4C17-B868-63082C1A5EC0}"
EndProject
Project("{FAE04EC0-301F-11D3-BF4B-00C04F79EFBC}") = "SharpOS.Kernel.Core", "Kernel\Core\SharpOS.Kernel.Core.csproj", "{1BDA3EE0-BC5F-4C4A-986C-31730A8EFADC}"
EndProject
Project("{2150E333-8FDC-42A3-9474-1A3956D46DE8}") = "Tools", "Tools", "{181306B4-F099-4B0E-9D9A-C319631E4C8E}"
EndProject
Project("{FAE04EC0-301F-11D3-BF4B-00C04F79EFBC}") = "KeyCompiler", "Tools\KeyCompiler\KeyCompiler.csproj", "{36AF02F0-4105-11DC-8314-0800200C9A66}"
EndProject
Project("{2150E333-8FDC-42A3-9474-1A3956D46DE8}") = "AOT", "AOT", "{8301C982-2075-45DD-925F-D41CCDBC413C}"
EndProject
Project("{FAE04EC0-301F-11D3-BF4B-00C04F79EFBC}") = "SharpOS.Kernel.Tests.IL", "AOT\Kernel.Tests\IL\SharpOS.Kernel.Tests.IL.ilproj", "{5E470596-4138-11DC-8314-0800200C9A66}"
EndProject
Project("{FAE04EC0-301F-11D3-BF4B-00C04F79EFBC}") = "SharpOS.Kernel.Tests.CS", "AOT\Kernel.Tests\CS\SharpOS.Kernel.Tests.CS.csproj", "{14D3B428-413F-11DC-8314-0800200C9A66}"
EndProject
Project("{FAE04EC0-301F-11D3-BF4B-00C04F79EFBC}") = "SharpOS.Kernel.Tests.NUnit", "AOT\Kernel.Tests\NUnit\SharpOS.Kernel.Tests.NUnit.csproj", "{6259C0C2-414C-11DC-8314-0800200C9A66}"
EndProject
Project("{FAE04EC0-301F-11D3-BF4B-00C04F79EFBC}") = "SharpOS.AOT.Tests", "AOT\Core.Tests\SharpOS.AOT.Tests.csproj", "{479653EE-C3CA-44A6-A18C-278608C51EAE}"
EndProject
Project("{FAE04EC0-301F-11D3-BF4B-00C04F79EFBC}") = "SharpOS.Kernel.Tests", "AOT\Kernel.Tests\SharpOS.Kernel.Tests.csproj", "{5E0259D4-4102-11DC-8314-0800200C9A66}"
EndProject
Project("{FAE04EC0-301F-11D3-BF4B-00C04F79EFBC}") = "SharpOS.AOT.Core", "AOT\Core\SharpOS.AOT.Core.csproj", "{7C0A6DF4-B2B8-4CD9-A073-EE834B4246F8}"
EndProject
Project("{FAE04EC0-301F-11D3-BF4B-00C04F79EFBC}") = "SharpOS.AOT", "AOT\Main\SharpOS.AOT.csproj", "{5AADA544-40FE-11DC-8314-0800200C9A66}"
EndProject
Project("{FAE04EC0-301F-11D3-BF4B-00C04F79EFBC}") = "KernelTestsWrapperGen", "Tools\KernelTestsWrapperGen\KernelTestsWrapperGen.csproj", "{740EB78B-4306-41AC-880A-D8A494EA4429}"
EndProject
Global
	GlobalSection(SolutionConfigurationPlatforms) = preSolution
		Debug|Any CPU = Debug|Any CPU
		Release|Any CPU = Release|Any CPU
	EndGlobalSection
	GlobalSection(ProjectConfigurationPlatforms) = postSolution
		{1BDA3EE0-BC5F-4C4A-986C-31730A8EFADC}.Debug|Any CPU.ActiveCfg = Debug|Any CPU
		{1BDA3EE0-BC5F-4C4A-986C-31730A8EFADC}.Debug|Any CPU.Build.0 = Debug|Any CPU
		{1BDA3EE0-BC5F-4C4A-986C-31730A8EFADC}.Release|Any CPU.ActiveCfg = Release|Any CPU
		{1BDA3EE0-BC5F-4C4A-986C-31730A8EFADC}.Release|Any CPU.Build.0 = Release|Any CPU
		{36AF02F0-4105-11DC-8314-0800200C9A66}.Debug|Any CPU.ActiveCfg = Debug|Any CPU
		{36AF02F0-4105-11DC-8314-0800200C9A66}.Debug|Any CPU.Build.0 = Debug|Any CPU
		{36AF02F0-4105-11DC-8314-0800200C9A66}.Release|Any CPU.ActiveCfg = Release|Any CPU
		{36AF02F0-4105-11DC-8314-0800200C9A66}.Release|Any CPU.Build.0 = Release|Any CPU
		{5E470596-4138-11DC-8314-0800200C9A66}.Debug|Any CPU.ActiveCfg = Debug|Any CPU
		{5E470596-4138-11DC-8314-0800200C9A66}.Debug|Any CPU.Build.0 = Debug|Any CPU
		{5E470596-4138-11DC-8314-0800200C9A66}.Release|Any CPU.ActiveCfg = Release|Any CPU
		{5E470596-4138-11DC-8314-0800200C9A66}.Release|Any CPU.Build.0 = Release|Any CPU
		{14D3B428-413F-11DC-8314-0800200C9A66}.Debug|Any CPU.ActiveCfg = Debug|Any CPU
		{14D3B428-413F-11DC-8314-0800200C9A66}.Debug|Any CPU.Build.0 = Debug|Any CPU
		{14D3B428-413F-11DC-8314-0800200C9A66}.Release|Any CPU.ActiveCfg = Release|Any CPU
		{14D3B428-413F-11DC-8314-0800200C9A66}.Release|Any CPU.Build.0 = Release|Any CPU
		{6259C0C2-414C-11DC-8314-0800200C9A66}.Debug|Any CPU.ActiveCfg = Debug|Any CPU
		{6259C0C2-414C-11DC-8314-0800200C9A66}.Debug|Any CPU.Build.0 = Debug|Any CPU
		{6259C0C2-414C-11DC-8314-0800200C9A66}.Release|Any CPU.ActiveCfg = Release|Any CPU
		{6259C0C2-414C-11DC-8314-0800200C9A66}.Release|Any CPU.Build.0 = Release|Any CPU
		{479653EE-C3CA-44A6-A18C-278608C51EAE}.Debug|Any CPU.ActiveCfg = Debug|Any CPU
		{479653EE-C3CA-44A6-A18C-278608C51EAE}.Debug|Any CPU.Build.0 = Debug|Any CPU
		{479653EE-C3CA-44A6-A18C-278608C51EAE}.Release|Any CPU.ActiveCfg = Release|Any CPU
		{479653EE-C3CA-44A6-A18C-278608C51EAE}.Release|Any CPU.Build.0 = Release|Any CPU
		{5E0259D4-4102-11DC-8314-0800200C9A66}.Debug|Any CPU.ActiveCfg = Debug|Any CPU
		{5E0259D4-4102-11DC-8314-0800200C9A66}.Debug|Any CPU.Build.0 = Debug|Any CPU
		{5E0259D4-4102-11DC-8314-0800200C9A66}.Release|Any CPU.ActiveCfg = Release|Any CPU
		{5E0259D4-4102-11DC-8314-0800200C9A66}.Release|Any CPU.Build.0 = Release|Any CPU
		{7C0A6DF4-B2B8-4CD9-A073-EE834B4246F8}.Debug|Any CPU.ActiveCfg = Debug|Any CPU
		{7C0A6DF4-B2B8-4CD9-A073-EE834B4246F8}.Debug|Any CPU.Build.0 = Debug|Any CPU
		{7C0A6DF4-B2B8-4CD9-A073-EE834B4246F8}.Release|Any CPU.ActiveCfg = Release|Any CPU
		{7C0A6DF4-B2B8-4CD9-A073-EE834B4246F8}.Release|Any CPU.Build.0 = Release|Any CPU
		{5AADA544-40FE-11DC-8314-0800200C9A66}.Debug|Any CPU.ActiveCfg = Debug|Any CPU
		{5AADA544-40FE-11DC-8314-0800200C9A66}.Debug|Any CPU.Build.0 = Debug|Any CPU
		{5AADA544-40FE-11DC-8314-0800200C9A66}.Release|Any CPU.ActiveCfg = Release|Any CPU
		{5AADA544-40FE-11DC-8314-0800200C9A66}.Release|Any CPU.Build.0 = Release|Any CPU
		{740EB78B-4306-41AC-880A-D8A494EA4429}.Debug|Any CPU.ActiveCfg = Debug|Any CPU
		{740EB78B-4306-41AC-880A-D8A494EA4429}.Debug|Any CPU.Build.0 = Debug|Any CPU
		{740EB78B-4306-41AC-880A-D8A494EA4429}.Release|Any CPU.ActiveCfg = Release|Any CPU
		{740EB78B-4306-41AC-880A-D8A494EA4429}.Release|Any CPU.Build.0 = Release|Any CPU
	EndGlobalSection
	GlobalSection(SolutionProperties) = preSolution
		HideSolutionNode = FALSE
	EndGlobalSection
	GlobalSection(NestedProjects) = preSolution
		{1BDA3EE0-BC5F-4C4A-986C-31730A8EFADC} = {16002BC6-987E-4C17-B868-63082C1A5EC0}
		{36AF02F0-4105-11DC-8314-0800200C9A66} = {181306B4-F099-4B0E-9D9A-C319631E4C8E}
		{740EB78B-4306-41AC-880A-D8A494EA4429} = {181306B4-F099-4B0E-9D9A-C319631E4C8E}
		{5E470596-4138-11DC-8314-0800200C9A66} = {8301C982-2075-45DD-925F-D41CCDBC413C}
		{14D3B428-413F-11DC-8314-0800200C9A66} = {8301C982-2075-45DD-925F-D41CCDBC413C}
		{479653EE-C3CA-44A6-A18C-278608C51EAE} = {8301C982-2075-45DD-925F-D41CCDBC413C}
		{5E0259D4-4102-11DC-8314-0800200C9A66} = {8301C982-2075-45DD-925F-D41CCDBC413C}
		{7C0A6DF4-B2B8-4CD9-A073-EE834B4246F8} = {8301C982-2075-45DD-925F-D41CCDBC413C}
		{5AADA544-40FE-11DC-8314-0800200C9A66} = {8301C982-2075-45DD-925F-D41CCDBC413C}
		{6259C0C2-414C-11DC-8314-0800200C9A66} = {8301C982-2075-45DD-925F-D41CCDBC413C}
	EndGlobalSection
EndGlobal
