
Microsoft Visual Studio Solution File, Format Version 9.00
# Visual Studio 2005
Project("{2150E333-8FDC-42A3-9474-1A3956D46DE8}") = "Kernel", "Kernel", "{16002BC6-987E-4C17-B868-63082C1A5EC0}"
EndProject
Project("{FAE04EC0-301F-11D3-BF4B-00C04F79EFBC}") = "SharpOS.Kernel.Core", "Kernel\Core\SharpOS.Kernel.Core.csproj", "{1BDA3EE0-BC5F-4C4A-986C-31730A8EFADC}"
	ProjectSection(ProjectDependencies) = postProject
		{6A1D2DCC-41E8-11DC-8314-0800200C9A66} = {6A1D2DCC-41E8-11DC-8314-0800200C9A66}
		{36AF02F0-4105-11DC-8314-0800200C9A66} = {36AF02F0-4105-11DC-8314-0800200C9A66}
		{14D3B428-413F-11DC-8314-0800200C9A66} = {14D3B428-413F-11DC-8314-0800200C9A66}
		{5E470596-4138-11DC-8314-0800200C9A66} = {5E470596-4138-11DC-8314-0800200C9A66}
		{740EB78B-4306-41AC-880A-D8A494EA4429} = {740EB78B-4306-41AC-880A-D8A494EA4429}
		{5AADA544-40FE-11DC-8314-0800200C9A66} = {5AADA544-40FE-11DC-8314-0800200C9A66}
	EndProjectSection
EndProject
Project("{2150E333-8FDC-42A3-9474-1A3956D46DE8}") = "Tools", "Tools", "{181306B4-F099-4B0E-9D9A-C319631E4C8E}"
EndProject
Project("{FAE04EC0-301F-11D3-BF4B-00C04F79EFBC}") = "KeyCompiler", "Tools\KeyCompiler\KeyCompiler.csproj", "{36AF02F0-4105-11DC-8314-0800200C9A66}"
	ProjectSection(ProjectDependencies) = postProject
		{740EB78B-4306-41AC-880A-D8A494EA4429} = {740EB78B-4306-41AC-880A-D8A494EA4429}
	EndProjectSection
EndProject
Project("{FAE04EC0-301F-11D3-BF4B-00C04F79EFBC}") = "DiskImageUpdater", "Tools\DiskImageUpdater\DiskImageUpdater.csproj", "{6A1D2DCC-41E8-11DC-8314-0800200C9A66}"
EndProject
Project("{2150E333-8FDC-42A3-9474-1A3956D46DE8}") = "AOT", "AOT", "{8301C982-2075-45DD-925F-D41CCDBC413C}"
EndProject
Project("{FAE04EC0-301F-11D3-BF4B-00C04F79EFBC}") = "SharpOS.AOT.Tests", "AOT\Core.Tests\SharpOS.AOT.Tests.csproj", "{479653EE-C3CA-44A6-A18C-278608C51EAE}"
EndProject
Project("{FAE04EC0-301F-11D3-BF4B-00C04F79EFBC}") = "SharpOS.AOT.Core", "AOT\Core\SharpOS.AOT.Core.csproj", "{7C0A6DF4-B2B8-4CD9-A073-EE834B4246F8}"
EndProject
Project("{FAE04EC0-301F-11D3-BF4B-00C04F79EFBC}") = "SharpOS.AOT", "AOT\Main\SharpOS.AOT.csproj", "{5AADA544-40FE-11DC-8314-0800200C9A66}"
EndProject
Project("{FAE04EC0-301F-11D3-BF4B-00C04F79EFBC}") = "KernelTestsWrapperGen", "Tools\KernelTestsWrapperGen\KernelTestsWrapperGen.csproj", "{740EB78B-4306-41AC-880A-D8A494EA4429}"
	ProjectSection(ProjectDependencies) = postProject
		{14D3B428-413F-11DC-8314-0800200C9A66} = {14D3B428-413F-11DC-8314-0800200C9A66}
	EndProjectSection
EndProject
Project("{FAE04EC0-301F-11D3-BF4B-00C04F79EFBC}") = "RuntimeCop", "Tools\RuntimeCop\RuntimeCop.csproj", "{710C2F08-B012-11DC-AECE-6C8C56D89593}"
EndProject
Project("{FAE04EC0-301F-11D3-BF4B-00C04F79EFBC}") = "SharpOS.Kernel.Tests.CS", "Kernel\Tests\CS\SharpOS.Kernel.Tests.CS.csproj", "{14D3B428-413F-11DC-8314-0800200C9A66}"
EndProject
Project("{FAE04EC0-301F-11D3-BF4B-00C04F79EFBC}") = "SharpOS.Kernel.Tests.IL", "Kernel\Tests\IL\SharpOS.Kernel.Tests.IL.csproj", "{5E470596-4138-11DC-8314-0800200C9A66}"
EndProject
Project("{FAE04EC0-301F-11D3-BF4B-00C04F79EFBC}") = "SharpOS.Kernel.Tests.NUnit", "Kernel\Tests\NUnit\SharpOS.Kernel.Tests.NUnit.csproj", "{6259C0C2-414C-11DC-8314-0800200C9A66}"
	ProjectSection(ProjectDependencies) = postProject
		{740EB78B-4306-41AC-880A-D8A494EA4429} = {740EB78B-4306-41AC-880A-D8A494EA4429}
	EndProjectSection
EndProject
Project("{FAE04EC0-301F-11D3-BF4B-00C04F79EFBC}") = "VSUpdate", "Tools\VSUpdate\VSUpdate.csproj", "{B1819280-17B3-49CB-A239-0859F3DA93D2}"
EndProject
Project("{FAE04EC0-301F-11D3-BF4B-00C04F79EFBC}") = "DiagnosticTool", "Tools\DiagnosticTool\DiagnosticTool.csproj", "{D5642D60-47DE-48FA-8930-16A70D587EDC}"
EndProject
Global
	GlobalSection(SolutionConfigurationPlatforms) = preSolution
		Debug Kernel|Any CPU = Debug Kernel|Any CPU
		Debug Test|Any CPU = Debug Test|Any CPU
		Debug|Any CPU = Debug|Any CPU
		Release Kernel|Any CPU = Release Kernel|Any CPU
		Release Test|Any CPU = Release Test|Any CPU
		Release|Any CPU = Release|Any CPU
	EndGlobalSection
	GlobalSection(ProjectConfigurationPlatforms) = postSolution
		{1BDA3EE0-BC5F-4C4A-986C-31730A8EFADC}.Debug Kernel|Any CPU.ActiveCfg = Debug|Any CPU
		{1BDA3EE0-BC5F-4C4A-986C-31730A8EFADC}.Debug Kernel|Any CPU.Build.0 = Debug|Any CPU
		{1BDA3EE0-BC5F-4C4A-986C-31730A8EFADC}.Debug Test|Any CPU.ActiveCfg = Debug Test|Any CPU
		{1BDA3EE0-BC5F-4C4A-986C-31730A8EFADC}.Debug|Any CPU.ActiveCfg = Debug|Any CPU
		{1BDA3EE0-BC5F-4C4A-986C-31730A8EFADC}.Debug|Any CPU.Build.0 = Debug|Any CPU
		{1BDA3EE0-BC5F-4C4A-986C-31730A8EFADC}.Release Kernel|Any CPU.ActiveCfg = Release|Any CPU
		{1BDA3EE0-BC5F-4C4A-986C-31730A8EFADC}.Release Kernel|Any CPU.Build.0 = Release|Any CPU
		{1BDA3EE0-BC5F-4C4A-986C-31730A8EFADC}.Release Test|Any CPU.ActiveCfg = Release Test|Any CPU
		{1BDA3EE0-BC5F-4C4A-986C-31730A8EFADC}.Release|Any CPU.ActiveCfg = Release|Any CPU
		{1BDA3EE0-BC5F-4C4A-986C-31730A8EFADC}.Release|Any CPU.Build.0 = Release|Any CPU
		{36AF02F0-4105-11DC-8314-0800200C9A66}.Debug Kernel|Any CPU.ActiveCfg = Debug|Any CPU
		{36AF02F0-4105-11DC-8314-0800200C9A66}.Debug Kernel|Any CPU.Build.0 = Debug|Any CPU
		{36AF02F0-4105-11DC-8314-0800200C9A66}.Debug Test|Any CPU.ActiveCfg = Debug Test|Any CPU
		{36AF02F0-4105-11DC-8314-0800200C9A66}.Debug Test|Any CPU.Build.0 = Debug Test|Any CPU
		{36AF02F0-4105-11DC-8314-0800200C9A66}.Debug|Any CPU.ActiveCfg = Debug|Any CPU
		{36AF02F0-4105-11DC-8314-0800200C9A66}.Debug|Any CPU.Build.0 = Debug|Any CPU
		{36AF02F0-4105-11DC-8314-0800200C9A66}.Release Kernel|Any CPU.ActiveCfg = Release|Any CPU
		{36AF02F0-4105-11DC-8314-0800200C9A66}.Release Kernel|Any CPU.Build.0 = Release|Any CPU
		{36AF02F0-4105-11DC-8314-0800200C9A66}.Release Test|Any CPU.ActiveCfg = Release Test|Any CPU
		{36AF02F0-4105-11DC-8314-0800200C9A66}.Release Test|Any CPU.Build.0 = Release Test|Any CPU
		{36AF02F0-4105-11DC-8314-0800200C9A66}.Release|Any CPU.ActiveCfg = Release|Any CPU
		{36AF02F0-4105-11DC-8314-0800200C9A66}.Release|Any CPU.Build.0 = Release|Any CPU
		{6A1D2DCC-41E8-11DC-8314-0800200C9A66}.Debug Kernel|Any CPU.ActiveCfg = Debug|Any CPU
		{6A1D2DCC-41E8-11DC-8314-0800200C9A66}.Debug Kernel|Any CPU.Build.0 = Debug|Any CPU
		{6A1D2DCC-41E8-11DC-8314-0800200C9A66}.Debug Test|Any CPU.ActiveCfg = Debug Test|Any CPU
		{6A1D2DCC-41E8-11DC-8314-0800200C9A66}.Debug Test|Any CPU.Build.0 = Debug Test|Any CPU
		{6A1D2DCC-41E8-11DC-8314-0800200C9A66}.Debug|Any CPU.ActiveCfg = Debug|Any CPU
		{6A1D2DCC-41E8-11DC-8314-0800200C9A66}.Debug|Any CPU.Build.0 = Debug|Any CPU
		{6A1D2DCC-41E8-11DC-8314-0800200C9A66}.Release Kernel|Any CPU.ActiveCfg = Release|Any CPU
		{6A1D2DCC-41E8-11DC-8314-0800200C9A66}.Release Kernel|Any CPU.Build.0 = Release|Any CPU
		{6A1D2DCC-41E8-11DC-8314-0800200C9A66}.Release Test|Any CPU.ActiveCfg = Release Test|Any CPU
		{6A1D2DCC-41E8-11DC-8314-0800200C9A66}.Release Test|Any CPU.Build.0 = Release Test|Any CPU
		{6A1D2DCC-41E8-11DC-8314-0800200C9A66}.Release|Any CPU.ActiveCfg = Release|Any CPU
		{6A1D2DCC-41E8-11DC-8314-0800200C9A66}.Release|Any CPU.Build.0 = Release|Any CPU
		{479653EE-C3CA-44A6-A18C-278608C51EAE}.Debug Kernel|Any CPU.ActiveCfg = Debug|Any CPU
		{479653EE-C3CA-44A6-A18C-278608C51EAE}.Debug Test|Any CPU.ActiveCfg = Debug Test|Any CPU
		{479653EE-C3CA-44A6-A18C-278608C51EAE}.Debug Test|Any CPU.Build.0 = Debug Test|Any CPU
		{479653EE-C3CA-44A6-A18C-278608C51EAE}.Debug|Any CPU.ActiveCfg = Debug|Any CPU
		{479653EE-C3CA-44A6-A18C-278608C51EAE}.Debug|Any CPU.Build.0 = Debug|Any CPU
		{479653EE-C3CA-44A6-A18C-278608C51EAE}.Release Kernel|Any CPU.ActiveCfg = Release|Any CPU
		{479653EE-C3CA-44A6-A18C-278608C51EAE}.Release Test|Any CPU.ActiveCfg = Release Test|Any CPU
		{479653EE-C3CA-44A6-A18C-278608C51EAE}.Release Test|Any CPU.Build.0 = Release Test|Any CPU
		{479653EE-C3CA-44A6-A18C-278608C51EAE}.Release|Any CPU.ActiveCfg = Release|Any CPU
		{479653EE-C3CA-44A6-A18C-278608C51EAE}.Release|Any CPU.Build.0 = Release|Any CPU
		{7C0A6DF4-B2B8-4CD9-A073-EE834B4246F8}.Debug Kernel|Any CPU.ActiveCfg = Debug|Any CPU
		{7C0A6DF4-B2B8-4CD9-A073-EE834B4246F8}.Debug Kernel|Any CPU.Build.0 = Debug|Any CPU
		{7C0A6DF4-B2B8-4CD9-A073-EE834B4246F8}.Debug Test|Any CPU.ActiveCfg = Debug Test|Any CPU
		{7C0A6DF4-B2B8-4CD9-A073-EE834B4246F8}.Debug Test|Any CPU.Build.0 = Debug Test|Any CPU
		{7C0A6DF4-B2B8-4CD9-A073-EE834B4246F8}.Debug|Any CPU.ActiveCfg = Debug|Any CPU
		{7C0A6DF4-B2B8-4CD9-A073-EE834B4246F8}.Debug|Any CPU.Build.0 = Debug|Any CPU
		{7C0A6DF4-B2B8-4CD9-A073-EE834B4246F8}.Release Kernel|Any CPU.ActiveCfg = Release|Any CPU
		{7C0A6DF4-B2B8-4CD9-A073-EE834B4246F8}.Release Kernel|Any CPU.Build.0 = Release|Any CPU
		{7C0A6DF4-B2B8-4CD9-A073-EE834B4246F8}.Release Test|Any CPU.ActiveCfg = Release Test|Any CPU
		{7C0A6DF4-B2B8-4CD9-A073-EE834B4246F8}.Release Test|Any CPU.Build.0 = Release Test|Any CPU
		{7C0A6DF4-B2B8-4CD9-A073-EE834B4246F8}.Release|Any CPU.ActiveCfg = Release|Any CPU
		{7C0A6DF4-B2B8-4CD9-A073-EE834B4246F8}.Release|Any CPU.Build.0 = Release|Any CPU
		{5AADA544-40FE-11DC-8314-0800200C9A66}.Debug Kernel|Any CPU.ActiveCfg = Debug|Any CPU
		{5AADA544-40FE-11DC-8314-0800200C9A66}.Debug Kernel|Any CPU.Build.0 = Debug|Any CPU
		{5AADA544-40FE-11DC-8314-0800200C9A66}.Debug Test|Any CPU.ActiveCfg = Debug Test|Any CPU
		{5AADA544-40FE-11DC-8314-0800200C9A66}.Debug Test|Any CPU.Build.0 = Debug Test|Any CPU
		{5AADA544-40FE-11DC-8314-0800200C9A66}.Debug|Any CPU.ActiveCfg = Debug|Any CPU
		{5AADA544-40FE-11DC-8314-0800200C9A66}.Debug|Any CPU.Build.0 = Debug|Any CPU
		{5AADA544-40FE-11DC-8314-0800200C9A66}.Release Kernel|Any CPU.ActiveCfg = Release|Any CPU
		{5AADA544-40FE-11DC-8314-0800200C9A66}.Release Kernel|Any CPU.Build.0 = Release|Any CPU
		{5AADA544-40FE-11DC-8314-0800200C9A66}.Release Test|Any CPU.ActiveCfg = Release Test|Any CPU
		{5AADA544-40FE-11DC-8314-0800200C9A66}.Release Test|Any CPU.Build.0 = Release Test|Any CPU
		{5AADA544-40FE-11DC-8314-0800200C9A66}.Release|Any CPU.ActiveCfg = Release|Any CPU
		{5AADA544-40FE-11DC-8314-0800200C9A66}.Release|Any CPU.Build.0 = Release|Any CPU
		{740EB78B-4306-41AC-880A-D8A494EA4429}.Debug Kernel|Any CPU.ActiveCfg = Debug|Any CPU
		{740EB78B-4306-41AC-880A-D8A494EA4429}.Debug Kernel|Any CPU.Build.0 = Debug|Any CPU
		{740EB78B-4306-41AC-880A-D8A494EA4429}.Debug Test|Any CPU.ActiveCfg = Debug Test|Any CPU
		{740EB78B-4306-41AC-880A-D8A494EA4429}.Debug Test|Any CPU.Build.0 = Debug Test|Any CPU
		{740EB78B-4306-41AC-880A-D8A494EA4429}.Debug|Any CPU.ActiveCfg = Debug|Any CPU
		{740EB78B-4306-41AC-880A-D8A494EA4429}.Debug|Any CPU.Build.0 = Debug|Any CPU
		{740EB78B-4306-41AC-880A-D8A494EA4429}.Release Kernel|Any CPU.ActiveCfg = Release|Any CPU
		{740EB78B-4306-41AC-880A-D8A494EA4429}.Release Kernel|Any CPU.Build.0 = Release|Any CPU
		{740EB78B-4306-41AC-880A-D8A494EA4429}.Release Test|Any CPU.ActiveCfg = Release Test|Any CPU
		{740EB78B-4306-41AC-880A-D8A494EA4429}.Release Test|Any CPU.Build.0 = Release Test|Any CPU
		{740EB78B-4306-41AC-880A-D8A494EA4429}.Release|Any CPU.ActiveCfg = Release|Any CPU
		{740EB78B-4306-41AC-880A-D8A494EA4429}.Release|Any CPU.Build.0 = Release|Any CPU
		{710C2F08-B012-11DC-AECE-6C8C56D89593}.Debug Kernel|Any CPU.ActiveCfg = Debug Test|Any CPU
		{710C2F08-B012-11DC-AECE-6C8C56D89593}.Debug Kernel|Any CPU.Build.0 = Debug Test|Any CPU
		{710C2F08-B012-11DC-AECE-6C8C56D89593}.Debug Test|Any CPU.ActiveCfg = Debug Test|Any CPU
		{710C2F08-B012-11DC-AECE-6C8C56D89593}.Debug Test|Any CPU.Build.0 = Debug Test|Any CPU
		{710C2F08-B012-11DC-AECE-6C8C56D89593}.Debug|Any CPU.ActiveCfg = Debug|Any CPU
		{710C2F08-B012-11DC-AECE-6C8C56D89593}.Debug|Any CPU.Build.0 = Debug|Any CPU
		{710C2F08-B012-11DC-AECE-6C8C56D89593}.Release Kernel|Any CPU.ActiveCfg = Release Test|Any CPU
		{710C2F08-B012-11DC-AECE-6C8C56D89593}.Release Kernel|Any CPU.Build.0 = Release Test|Any CPU
		{710C2F08-B012-11DC-AECE-6C8C56D89593}.Release Test|Any CPU.ActiveCfg = Release Test|Any CPU
		{710C2F08-B012-11DC-AECE-6C8C56D89593}.Release Test|Any CPU.Build.0 = Release Test|Any CPU
		{710C2F08-B012-11DC-AECE-6C8C56D89593}.Release|Any CPU.ActiveCfg = Release|Any CPU
		{710C2F08-B012-11DC-AECE-6C8C56D89593}.Release|Any CPU.Build.0 = Release|Any CPU
		{14D3B428-413F-11DC-8314-0800200C9A66}.Debug Kernel|Any CPU.ActiveCfg = Debug Test|Any CPU
		{14D3B428-413F-11DC-8314-0800200C9A66}.Debug Kernel|Any CPU.Build.0 = Debug Test|Any CPU
		{14D3B428-413F-11DC-8314-0800200C9A66}.Debug Test|Any CPU.ActiveCfg = Debug Test|Any CPU
		{14D3B428-413F-11DC-8314-0800200C9A66}.Debug Test|Any CPU.Build.0 = Debug Test|Any CPU
		{14D3B428-413F-11DC-8314-0800200C9A66}.Debug|Any CPU.ActiveCfg = Debug|Any CPU
		{14D3B428-413F-11DC-8314-0800200C9A66}.Debug|Any CPU.Build.0 = Debug|Any CPU
		{14D3B428-413F-11DC-8314-0800200C9A66}.Release Kernel|Any CPU.ActiveCfg = Release Test|Any CPU
		{14D3B428-413F-11DC-8314-0800200C9A66}.Release Kernel|Any CPU.Build.0 = Release Test|Any CPU
		{14D3B428-413F-11DC-8314-0800200C9A66}.Release Test|Any CPU.ActiveCfg = Release Test|Any CPU
		{14D3B428-413F-11DC-8314-0800200C9A66}.Release Test|Any CPU.Build.0 = Release Test|Any CPU
		{14D3B428-413F-11DC-8314-0800200C9A66}.Release|Any CPU.ActiveCfg = Release|Any CPU
		{14D3B428-413F-11DC-8314-0800200C9A66}.Release|Any CPU.Build.0 = Release|Any CPU
		{5E470596-4138-11DC-8314-0800200C9A66}.Debug Kernel|Any CPU.ActiveCfg = Debug Test|Any CPU
		{5E470596-4138-11DC-8314-0800200C9A66}.Debug Kernel|Any CPU.Build.0 = Debug Test|Any CPU
		{5E470596-4138-11DC-8314-0800200C9A66}.Debug Test|Any CPU.ActiveCfg = Debug Test|Any CPU
		{5E470596-4138-11DC-8314-0800200C9A66}.Debug Test|Any CPU.Build.0 = Debug Test|Any CPU
		{5E470596-4138-11DC-8314-0800200C9A66}.Debug|Any CPU.ActiveCfg = Debug|Any CPU
		{5E470596-4138-11DC-8314-0800200C9A66}.Debug|Any CPU.Build.0 = Debug|Any CPU
		{5E470596-4138-11DC-8314-0800200C9A66}.Release Kernel|Any CPU.ActiveCfg = Release Test|Any CPU
		{5E470596-4138-11DC-8314-0800200C9A66}.Release Kernel|Any CPU.Build.0 = Release Test|Any CPU
		{5E470596-4138-11DC-8314-0800200C9A66}.Release Test|Any CPU.ActiveCfg = Release Test|Any CPU
		{5E470596-4138-11DC-8314-0800200C9A66}.Release Test|Any CPU.Build.0 = Release Test|Any CPU
		{5E470596-4138-11DC-8314-0800200C9A66}.Release|Any CPU.ActiveCfg = Release|Any CPU
		{5E470596-4138-11DC-8314-0800200C9A66}.Release|Any CPU.Build.0 = Release|Any CPU
		{6259C0C2-414C-11DC-8314-0800200C9A66}.Debug Kernel|Any CPU.ActiveCfg = Debug Test|Any CPU
		{6259C0C2-414C-11DC-8314-0800200C9A66}.Debug Kernel|Any CPU.Build.0 = Debug Test|Any CPU
		{6259C0C2-414C-11DC-8314-0800200C9A66}.Debug Test|Any CPU.ActiveCfg = Debug Test|Any CPU
		{6259C0C2-414C-11DC-8314-0800200C9A66}.Debug Test|Any CPU.Build.0 = Debug Test|Any CPU
		{6259C0C2-414C-11DC-8314-0800200C9A66}.Debug|Any CPU.ActiveCfg = Debug|Any CPU
		{6259C0C2-414C-11DC-8314-0800200C9A66}.Debug|Any CPU.Build.0 = Debug|Any CPU
		{6259C0C2-414C-11DC-8314-0800200C9A66}.Release Kernel|Any CPU.ActiveCfg = Release Test|Any CPU
		{6259C0C2-414C-11DC-8314-0800200C9A66}.Release Kernel|Any CPU.Build.0 = Release Test|Any CPU
		{6259C0C2-414C-11DC-8314-0800200C9A66}.Release Test|Any CPU.ActiveCfg = Release Test|Any CPU
		{6259C0C2-414C-11DC-8314-0800200C9A66}.Release Test|Any CPU.Build.0 = Release Test|Any CPU
		{6259C0C2-414C-11DC-8314-0800200C9A66}.Release|Any CPU.ActiveCfg = Release|Any CPU
		{6259C0C2-414C-11DC-8314-0800200C9A66}.Release|Any CPU.Build.0 = Release|Any CPU
		{B1819280-17B3-49CB-A239-0859F3DA93D2}.Debug Kernel|Any CPU.ActiveCfg = Debug|Any CPU
		{B1819280-17B3-49CB-A239-0859F3DA93D2}.Debug Kernel|Any CPU.Build.0 = Debug|Any CPU
		{B1819280-17B3-49CB-A239-0859F3DA93D2}.Debug Test|Any CPU.ActiveCfg = Debug|Any CPU
		{B1819280-17B3-49CB-A239-0859F3DA93D2}.Debug Test|Any CPU.Build.0 = Debug|Any CPU
		{B1819280-17B3-49CB-A239-0859F3DA93D2}.Debug|Any CPU.ActiveCfg = Debug|Any CPU
		{B1819280-17B3-49CB-A239-0859F3DA93D2}.Debug|Any CPU.Build.0 = Debug|Any CPU
		{B1819280-17B3-49CB-A239-0859F3DA93D2}.Release Kernel|Any CPU.ActiveCfg = Release|Any CPU
		{B1819280-17B3-49CB-A239-0859F3DA93D2}.Release Kernel|Any CPU.Build.0 = Release|Any CPU
		{B1819280-17B3-49CB-A239-0859F3DA93D2}.Release Test|Any CPU.ActiveCfg = Release|Any CPU
		{B1819280-17B3-49CB-A239-0859F3DA93D2}.Release Test|Any CPU.Build.0 = Release|Any CPU
		{B1819280-17B3-49CB-A239-0859F3DA93D2}.Release|Any CPU.ActiveCfg = Release|Any CPU
		{B1819280-17B3-49CB-A239-0859F3DA93D2}.Release|Any CPU.Build.0 = Release|Any CPU
		{D5642D60-47DE-48FA-8930-16A70D587EDC}.Debug Kernel|Any CPU.ActiveCfg = Debug|Any CPU
		{D5642D60-47DE-48FA-8930-16A70D587EDC}.Debug Kernel|Any CPU.Build.0 = Debug|Any CPU
		{D5642D60-47DE-48FA-8930-16A70D587EDC}.Debug Test|Any CPU.ActiveCfg = Debug|Any CPU
		{D5642D60-47DE-48FA-8930-16A70D587EDC}.Debug Test|Any CPU.Build.0 = Debug|Any CPU
		{D5642D60-47DE-48FA-8930-16A70D587EDC}.Debug|Any CPU.ActiveCfg = Debug|Any CPU
		{D5642D60-47DE-48FA-8930-16A70D587EDC}.Debug|Any CPU.Build.0 = Debug|Any CPU
		{D5642D60-47DE-48FA-8930-16A70D587EDC}.Release Kernel|Any CPU.ActiveCfg = Release|Any CPU
		{D5642D60-47DE-48FA-8930-16A70D587EDC}.Release Kernel|Any CPU.Build.0 = Release|Any CPU
		{D5642D60-47DE-48FA-8930-16A70D587EDC}.Release Test|Any CPU.ActiveCfg = Release|Any CPU
		{D5642D60-47DE-48FA-8930-16A70D587EDC}.Release Test|Any CPU.Build.0 = Release|Any CPU
		{D5642D60-47DE-48FA-8930-16A70D587EDC}.Release|Any CPU.ActiveCfg = Release|Any CPU
		{D5642D60-47DE-48FA-8930-16A70D587EDC}.Release|Any CPU.Build.0 = Release|Any CPU
	EndGlobalSection
	GlobalSection(SolutionProperties) = preSolution
		HideSolutionNode = FALSE
	EndGlobalSection
	GlobalSection(NestedProjects) = preSolution
		{1BDA3EE0-BC5F-4C4A-986C-31730A8EFADC} = {16002BC6-987E-4C17-B868-63082C1A5EC0}
		{14D3B428-413F-11DC-8314-0800200C9A66} = {16002BC6-987E-4C17-B868-63082C1A5EC0}
		{5E470596-4138-11DC-8314-0800200C9A66} = {16002BC6-987E-4C17-B868-63082C1A5EC0}
		{6259C0C2-414C-11DC-8314-0800200C9A66} = {16002BC6-987E-4C17-B868-63082C1A5EC0}
		{36AF02F0-4105-11DC-8314-0800200C9A66} = {181306B4-F099-4B0E-9D9A-C319631E4C8E}
		{6A1D2DCC-41E8-11DC-8314-0800200C9A66} = {181306B4-F099-4B0E-9D9A-C319631E4C8E}
		{740EB78B-4306-41AC-880A-D8A494EA4429} = {181306B4-F099-4B0E-9D9A-C319631E4C8E}
		{710C2F08-B012-11DC-AECE-6C8C56D89593} = {181306B4-F099-4B0E-9D9A-C319631E4C8E}
		{B1819280-17B3-49CB-A239-0859F3DA93D2} = {181306B4-F099-4B0E-9D9A-C319631E4C8E}
		{D5642D60-47DE-48FA-8930-16A70D587EDC} = {181306B4-F099-4B0E-9D9A-C319631E4C8E}
		{479653EE-C3CA-44A6-A18C-278608C51EAE} = {8301C982-2075-45DD-925F-D41CCDBC413C}
		{7C0A6DF4-B2B8-4CD9-A073-EE834B4246F8} = {8301C982-2075-45DD-925F-D41CCDBC413C}
		{5AADA544-40FE-11DC-8314-0800200C9A66} = {8301C982-2075-45DD-925F-D41CCDBC413C}
	EndGlobalSection
EndGlobal
