
Microsoft Visual Studio Solution File, Format Version 10.00
# Visual Studio 2008
Project("{FAE04EC0-301F-11D3-BF4B-00C04F79EFBC}") = "SharpOS.AOT.Core.2K8", "AOT\Core\SharpOS.AOT.Core.2K8.csproj", "{7C0A6DF4-B2B8-4CD9-A073-EE834B4246F8}"
EndProject
Project("{FAE04EC0-301F-11D3-BF4B-00C04F79EFBC}") = "SharpOS.Kernel.Core.2K8", "Kernel\Core\SharpOS.Kernel.Core.2K8.csproj", "{1BDA3EE0-BC5F-4C4A-986C-31730A8EFADC}"
EndProject
Project("{FAE04EC0-301F-11D3-BF4B-00C04F79EFBC}") = "SharpOS.korlib.2K8", "Kernel\korlib\SharpOS.korlib.2K8.csproj", "{2A63A2AC-4732-11DC-8314-0800200C9A66}"
EndProject
Project("{2150E333-8FDC-42A3-9474-1A3956D46DE8}") = "AOT", "AOT", "{E122D840-5B49-435A-BE23-5A844FE9510A}"
EndProject
Project("{2150E333-8FDC-42A3-9474-1A3956D46DE8}") = "Kernel", "Kernel", "{37C66EB0-9400-4C50-8E9A-6B9FE3DC90CF}"
EndProject
Project("{2150E333-8FDC-42A3-9474-1A3956D46DE8}") = "Tools", "Tools", "{66070957-1694-49DE-9C06-94D34C71951C}"
EndProject
Project("{FAE04EC0-301F-11D3-BF4B-00C04F79EFBC}") = "KeyCompiler.2K8", "Tools\KeyCompiler\KeyCompiler.2K8.csproj", "{36AF02F0-4105-11DC-8314-0800200C9A66}"
EndProject
Project("{FAE04EC0-301F-11D3-BF4B-00C04F79EFBC}") = "SharpOS.AOT.2K8", "AOT\Main\SharpOS.AOT.2K8.csproj", "{5AADA544-40FE-11DC-8314-0800200C9A66}"
EndProject
Project("{FAE04EC0-301F-11D3-BF4B-00C04F79EFBC}") = "DiskImageUpdater.2K8", "Tools\DiskImageUpdater\DiskImageUpdater.2K8.csproj", "{6A1D2DCC-41E8-11DC-8314-0800200C9A66}"
EndProject
Global
	GlobalSection(SolutionConfigurationPlatforms) = preSolution
		Debug Test|Any CPU = Debug Test|Any CPU
		Debug|Any CPU = Debug|Any CPU
		Release Test|Any CPU = Release Test|Any CPU
		Release|Any CPU = Release|Any CPU
	EndGlobalSection
	GlobalSection(ProjectConfigurationPlatforms) = postSolution
		{7C0A6DF4-B2B8-4CD9-A073-EE834B4246F8}.Debug Test|Any CPU.ActiveCfg = Debug Test|Any CPU
		{7C0A6DF4-B2B8-4CD9-A073-EE834B4246F8}.Debug Test|Any CPU.Build.0 = Debug Test|Any CPU
		{7C0A6DF4-B2B8-4CD9-A073-EE834B4246F8}.Debug|Any CPU.ActiveCfg = Debug|Any CPU
		{7C0A6DF4-B2B8-4CD9-A073-EE834B4246F8}.Debug|Any CPU.Build.0 = Debug|Any CPU
		{7C0A6DF4-B2B8-4CD9-A073-EE834B4246F8}.Release Test|Any CPU.ActiveCfg = Release Test|Any CPU
		{7C0A6DF4-B2B8-4CD9-A073-EE834B4246F8}.Release Test|Any CPU.Build.0 = Release Test|Any CPU
		{7C0A6DF4-B2B8-4CD9-A073-EE834B4246F8}.Release|Any CPU.ActiveCfg = Release|Any CPU
		{7C0A6DF4-B2B8-4CD9-A073-EE834B4246F8}.Release|Any CPU.Build.0 = Release|Any CPU
		{1BDA3EE0-BC5F-4C4A-986C-31730A8EFADC}.Debug Test|Any CPU.ActiveCfg = Debug Test|Any CPU
		{1BDA3EE0-BC5F-4C4A-986C-31730A8EFADC}.Debug Test|Any CPU.Build.0 = Debug Test|Any CPU
		{1BDA3EE0-BC5F-4C4A-986C-31730A8EFADC}.Debug|Any CPU.ActiveCfg = Debug|Any CPU
		{1BDA3EE0-BC5F-4C4A-986C-31730A8EFADC}.Debug|Any CPU.Build.0 = Debug|Any CPU
		{1BDA3EE0-BC5F-4C4A-986C-31730A8EFADC}.Release Test|Any CPU.ActiveCfg = Release Test|Any CPU
		{1BDA3EE0-BC5F-4C4A-986C-31730A8EFADC}.Release Test|Any CPU.Build.0 = Release Test|Any CPU
		{1BDA3EE0-BC5F-4C4A-986C-31730A8EFADC}.Release|Any CPU.ActiveCfg = Release|Any CPU
		{1BDA3EE0-BC5F-4C4A-986C-31730A8EFADC}.Release|Any CPU.Build.0 = Release|Any CPU
		{2A63A2AC-4732-11DC-8314-0800200C9A66}.Debug Test|Any CPU.ActiveCfg = Debug Test|Any CPU
		{2A63A2AC-4732-11DC-8314-0800200C9A66}.Debug Test|Any CPU.Build.0 = Debug Test|Any CPU
		{2A63A2AC-4732-11DC-8314-0800200C9A66}.Debug|Any CPU.ActiveCfg = Debug|Any CPU
		{2A63A2AC-4732-11DC-8314-0800200C9A66}.Debug|Any CPU.Build.0 = Debug|Any CPU
		{2A63A2AC-4732-11DC-8314-0800200C9A66}.Release Test|Any CPU.ActiveCfg = Release Test|Any CPU
		{2A63A2AC-4732-11DC-8314-0800200C9A66}.Release Test|Any CPU.Build.0 = Release Test|Any CPU
		{2A63A2AC-4732-11DC-8314-0800200C9A66}.Release|Any CPU.ActiveCfg = Release|Any CPU
		{2A63A2AC-4732-11DC-8314-0800200C9A66}.Release|Any CPU.Build.0 = Release|Any CPU
		{36AF02F0-4105-11DC-8314-0800200C9A66}.Debug Test|Any CPU.ActiveCfg = Debug Test|Any CPU
		{36AF02F0-4105-11DC-8314-0800200C9A66}.Debug Test|Any CPU.Build.0 = Debug Test|Any CPU
		{36AF02F0-4105-11DC-8314-0800200C9A66}.Debug|Any CPU.ActiveCfg = Debug|Any CPU
		{36AF02F0-4105-11DC-8314-0800200C9A66}.Debug|Any CPU.Build.0 = Debug|Any CPU
		{36AF02F0-4105-11DC-8314-0800200C9A66}.Release Test|Any CPU.ActiveCfg = Release Test|Any CPU
		{36AF02F0-4105-11DC-8314-0800200C9A66}.Release Test|Any CPU.Build.0 = Release Test|Any CPU
		{36AF02F0-4105-11DC-8314-0800200C9A66}.Release|Any CPU.ActiveCfg = Release|Any CPU
		{36AF02F0-4105-11DC-8314-0800200C9A66}.Release|Any CPU.Build.0 = Release|Any CPU
		{5AADA544-40FE-11DC-8314-0800200C9A66}.Debug Test|Any CPU.ActiveCfg = Debug Test|Any CPU
		{5AADA544-40FE-11DC-8314-0800200C9A66}.Debug Test|Any CPU.Build.0 = Debug Test|Any CPU
		{5AADA544-40FE-11DC-8314-0800200C9A66}.Debug|Any CPU.ActiveCfg = Debug|Any CPU
		{5AADA544-40FE-11DC-8314-0800200C9A66}.Debug|Any CPU.Build.0 = Debug|Any CPU
		{5AADA544-40FE-11DC-8314-0800200C9A66}.Release Test|Any CPU.ActiveCfg = Release Test|Any CPU
		{5AADA544-40FE-11DC-8314-0800200C9A66}.Release Test|Any CPU.Build.0 = Release Test|Any CPU
		{5AADA544-40FE-11DC-8314-0800200C9A66}.Release|Any CPU.ActiveCfg = Release|Any CPU
		{5AADA544-40FE-11DC-8314-0800200C9A66}.Release|Any CPU.Build.0 = Release|Any CPU
		{6A1D2DCC-41E8-11DC-8314-0800200C9A66}.Debug Test|Any CPU.ActiveCfg = Debug Test|Any CPU
		{6A1D2DCC-41E8-11DC-8314-0800200C9A66}.Debug Test|Any CPU.Build.0 = Debug Test|Any CPU
		{6A1D2DCC-41E8-11DC-8314-0800200C9A66}.Debug|Any CPU.ActiveCfg = Debug|Any CPU
		{6A1D2DCC-41E8-11DC-8314-0800200C9A66}.Debug|Any CPU.Build.0 = Debug|Any CPU
		{6A1D2DCC-41E8-11DC-8314-0800200C9A66}.Release Test|Any CPU.ActiveCfg = Release Test|Any CPU
		{6A1D2DCC-41E8-11DC-8314-0800200C9A66}.Release Test|Any CPU.Build.0 = Release Test|Any CPU
		{6A1D2DCC-41E8-11DC-8314-0800200C9A66}.Release|Any CPU.ActiveCfg = Release|Any CPU
		{6A1D2DCC-41E8-11DC-8314-0800200C9A66}.Release|Any CPU.Build.0 = Release|Any CPU
	EndGlobalSection
	GlobalSection(SolutionProperties) = preSolution
		HideSolutionNode = FALSE
	EndGlobalSection
	GlobalSection(NestedProjects) = preSolution
		{7C0A6DF4-B2B8-4CD9-A073-EE834B4246F8} = {E122D840-5B49-435A-BE23-5A844FE9510A}
		{5AADA544-40FE-11DC-8314-0800200C9A66} = {E122D840-5B49-435A-BE23-5A844FE9510A}
		{1BDA3EE0-BC5F-4C4A-986C-31730A8EFADC} = {37C66EB0-9400-4C50-8E9A-6B9FE3DC90CF}
		{2A63A2AC-4732-11DC-8314-0800200C9A66} = {37C66EB0-9400-4C50-8E9A-6B9FE3DC90CF}
		{36AF02F0-4105-11DC-8314-0800200C9A66} = {66070957-1694-49DE-9C06-94D34C71951C}
		{6A1D2DCC-41E8-11DC-8314-0800200C9A66} = {66070957-1694-49DE-9C06-94D34C71951C}
	EndGlobalSection
EndGlobal
